
Microsoft Visual Studio Solution File, Format Version 12.00
# Visual Studio 15
VisualStudioVersion = 15.0.28307.779
MinimumVisualStudioVersion = 10.0.40219.1
Project("{FAE04EC0-301F-11D3-BF4B-00C04F79EFBC}") = "Sequential And Binary Search", "Sequential And Binary Search\Sequential And Binary Search.csproj", "{992770F7-E4D2-4298-B27B-79F6EB184F49}"
EndProject
Project("{FAE04EC0-301F-11D3-BF4B-00C04F79EFBC}") = "Bobble And Selection Sort", "Bobble And Selection Sort\Bobble And Selection Sort.csproj", "{8B06EBA6-F4AF-44FB-ADDA-F809E15D5E11}"
EndProject
Global
	GlobalSection(SolutionConfigurationPlatforms) = preSolution
		Debug|Any CPU = Debug|Any CPU
		Release|Any CPU = Release|Any CPU
	EndGlobalSection
	GlobalSection(ProjectConfigurationPlatforms) = postSolution
		{992770F7-E4D2-4298-B27B-79F6EB184F49}.Debug|Any CPU.ActiveCfg = Debug|Any CPU
		{992770F7-E4D2-4298-B27B-79F6EB184F49}.Debug|Any CPU.Build.0 = Debug|Any CPU
		{992770F7-E4D2-4298-B27B-79F6EB184F49}.Release|Any CPU.ActiveCfg = Release|Any CPU
		{992770F7-E4D2-4298-B27B-79F6EB184F49}.Release|Any CPU.Build.0 = Release|Any CPU
		{8B06EBA6-F4AF-44FB-ADDA-F809E15D5E11}.Debug|Any CPU.ActiveCfg = Debug|Any CPU
		{8B06EBA6-F4AF-44FB-ADDA-F809E15D5E11}.Debug|Any CPU.Build.0 = Debug|Any CPU
		{8B06EBA6-F4AF-44FB-ADDA-F809E15D5E11}.Release|Any CPU.ActiveCfg = Release|Any CPU
		{8B06EBA6-F4AF-44FB-ADDA-F809E15D5E11}.Release|Any CPU.Build.0 = Release|Any CPU
	EndGlobalSection
	GlobalSection(SolutionProperties) = preSolution
		HideSolutionNode = FALSE
	EndGlobalSection
	GlobalSection(ExtensibilityGlobals) = postSolution
		SolutionGuid = {E180582E-1D7E-4EAF-9F9D-36CFAA846BA4}
	EndGlobalSection
EndGlobal
